
Microsoft Visual Studio Solution File, Format Version 12.00
# Visual Studio Version 18
VisualStudioVersion = 18.0.11205.157 d18.0
MinimumVisualStudioVersion = 10.0.40219.1
Project("{FAE04EC0-301F-11D3-BF4B-00C04F79EFBC}") = "Store_Online", "Store_Online\Store_Online.csproj", "{AE3F3829-5B2F-4075-B9DC-C3A5DC59BBDC}"
EndProject
Global
	GlobalSection(SolutionConfigurationPlatforms) = preSolution
		Debug|Any CPU = Debug|Any CPU
		Release|Any CPU = Release|Any CPU
	EndGlobalSection
	GlobalSection(ProjectConfigurationPlatforms) = postSolution
		{AE3F3829-5B2F-4075-B9DC-C3A5DC59BBDC}.Debug|Any CPU.ActiveCfg = Debug|Any CPU
		{AE3F3829-5B2F-4075-B9DC-C3A5DC59BBDC}.Debug|Any CPU.Build.0 = Debug|Any CPU
		{AE3F3829-5B2F-4075-B9DC-C3A5DC59BBDC}.Release|Any CPU.ActiveCfg = Release|Any CPU
		{AE3F3829-5B2F-4075-B9DC-C3A5DC59BBDC}.Release|Any CPU.Build.0 = Release|Any CPU
	EndGlobalSection
	GlobalSection(SolutionProperties) = preSolution
		HideSolutionNode = FALSE
	EndGlobalSection
	GlobalSection(ExtensibilityGlobals) = postSolution
		SolutionGuid = {543397D5-A8E3-4025-9439-F15A7B3E4A67}
	EndGlobalSection
EndGlobal
